
Microsoft Visual Studio Solution File, Format Version 12.00
# Visual Studio Version 16
VisualStudioVersion = 16.0.30804.86
MinimumVisualStudioVersion = 10.0.40219.1
Project("{FAE04EC0-301F-11D3-BF4B-00C04F79EFBC}") = "EFFinalProject", "EFFinalProject\EFFinalProject.csproj", "{0C402231-F08D-470F-A269-F87B6B29EF1A}"
EndProject
Project("{FAE04EC0-301F-11D3-BF4B-00C04F79EFBC}") = "EFFinalLibrary", "EFFinalLibrary\EFFinalLibrary.csproj", "{A13210E1-73CB-480E-9976-33EC77C0051D}"
EndProject
Global
	GlobalSection(SolutionConfigurationPlatforms) = preSolution
		Debug|Any CPU = Debug|Any CPU
		Release|Any CPU = Release|Any CPU
	EndGlobalSection
	GlobalSection(ProjectConfigurationPlatforms) = postSolution
		{0C402231-F08D-470F-A269-F87B6B29EF1A}.Debug|Any CPU.ActiveCfg = Debug|Any CPU
		{0C402231-F08D-470F-A269-F87B6B29EF1A}.Debug|Any CPU.Build.0 = Debug|Any CPU
		{0C402231-F08D-470F-A269-F87B6B29EF1A}.Release|Any CPU.ActiveCfg = Release|Any CPU
		{0C402231-F08D-470F-A269-F87B6B29EF1A}.Release|Any CPU.Build.0 = Release|Any CPU
		{A13210E1-73CB-480E-9976-33EC77C0051D}.Debug|Any CPU.ActiveCfg = Debug|Any CPU
		{A13210E1-73CB-480E-9976-33EC77C0051D}.Debug|Any CPU.Build.0 = Debug|Any CPU
		{A13210E1-73CB-480E-9976-33EC77C0051D}.Release|Any CPU.ActiveCfg = Release|Any CPU
		{A13210E1-73CB-480E-9976-33EC77C0051D}.Release|Any CPU.Build.0 = Release|Any CPU
	EndGlobalSection
	GlobalSection(SolutionProperties) = preSolution
		HideSolutionNode = FALSE
	EndGlobalSection
	GlobalSection(ExtensibilityGlobals) = postSolution
		SolutionGuid = {536A5F22-CB35-4ED9-8F9C-B73D47027229}
	EndGlobalSection
EndGlobal
